// !$*UTF8*$!
{
	archiveVersion = 1;
	classes = {
	};
	objectVersion = 46;
	objects = {

/* Begin PBXBuildFile section */
		134A55A01BA503FA00C09E99 /* Constants.swift in Sources */ = {isa = PBXBuildFile; fileRef = 134A559F1BA503FA00C09E99 /* Constants.swift */; };
		1369CA9A1B9DFFE400895E88 /* Main.storyboard in Resources */ = {isa = PBXBuildFile; fileRef = 1369CA981B9DFFE400895E88 /* Main.storyboard */; };
		1369CA9C1B9DFFE400895E88 /* Images.xcassets in Resources */ = {isa = PBXBuildFile; fileRef = 1369CA9B1B9DFFE400895E88 /* Images.xcassets */; };
		1369CA9F1B9DFFE400895E88 /* LaunchScreen.xib in Resources */ = {isa = PBXBuildFile; fileRef = 1369CA9D1B9DFFE400895E88 /* LaunchScreen.xib */; };
		1369CAAB1B9DFFE400895E88 /* BowGameTests.swift in Sources */ = {isa = PBXBuildFile; fileRef = 1369CAAA1B9DFFE400895E88 /* BowGameTests.swift */; };
		1379F1951BD6EE52009F1C01 /* AppWarpHelper.swift in Sources */ = {isa = PBXBuildFile; fileRef = 1379F18E1BD6EE52009F1C01 /* AppWarpHelper.swift */; };
		1379F1961BD6EE52009F1C01 /* ConnectionListener.swift in Sources */ = {isa = PBXBuildFile; fileRef = 1379F1901BD6EE52009F1C01 /* ConnectionListener.swift */; };
		1379F1971BD6EE52009F1C01 /* NotificationListener.swift in Sources */ = {isa = PBXBuildFile; fileRef = 1379F1911BD6EE52009F1C01 /* NotificationListener.swift */; };
		1379F1981BD6EE52009F1C01 /* RoomListener.swift in Sources */ = {isa = PBXBuildFile; fileRef = 1379F1921BD6EE52009F1C01 /* RoomListener.swift */; };
		1379F1991BD6EE52009F1C01 /* ZoneListener.swift in Sources */ = {isa = PBXBuildFile; fileRef = 1379F1931BD6EE52009F1C01 /* ZoneListener.swift */; };
		13D55A061C03C79100C917E1 /* StageInfo.xib in Resources */ = {isa = PBXBuildFile; fileRef = 13D55A051C03C79100C917E1 /* StageInfo.xib */; };
		13D55A081C03C79B00C917E1 /* StageInfo.swift in Sources */ = {isa = PBXBuildFile; fileRef = 13D55A071C03C79B00C917E1 /* StageInfo.swift */; };
		2A198E0A1BA0C32800F050A4 /* AppDelegate.swift in Sources */ = {isa = PBXBuildFile; fileRef = 2A198E021BA0C32800F050A4 /* AppDelegate.swift */; };
		2A198E0B1BA0C32800F050A4 /* Arrow.swift in Sources */ = {isa = PBXBuildFile; fileRef = 2A198E031BA0C32800F050A4 /* Arrow.swift */; };
		2A198E0C1BA0C32800F050A4 /* Bow.swift in Sources */ = {isa = PBXBuildFile; fileRef = 2A198E041BA0C32800F050A4 /* Bow.swift */; };
		2A198E0D1BA0C32800F050A4 /* CollisionHelp.swift in Sources */ = {isa = PBXBuildFile; fileRef = 2A198E051BA0C32800F050A4 /* CollisionHelp.swift */; };
		2A198E0E1BA0C32800F050A4 /* GameScene.swift in Sources */ = {isa = PBXBuildFile; fileRef = 2A198E061BA0C32800F050A4 /* GameScene.swift */; };
		2A198E0F1BA0C32800F050A4 /* GameViewController.swift in Sources */ = {isa = PBXBuildFile; fileRef = 2A198E071BA0C32800F050A4 /* GameViewController.swift */; };
		2A198E101BA0C32800F050A4 /* Player.swift in Sources */ = {isa = PBXBuildFile; fileRef = 2A198E081BA0C32800F050A4 /* Player.swift */; };
		2A198E111BA0C32800F050A4 /* StartGameScene.swift in Sources */ = {isa = PBXBuildFile; fileRef = 2A198E091BA0C32800F050A4 /* StartGameScene.swift */; };
		2A1A59811BD884F2008825FD /* Canon.swift in Sources */ = {isa = PBXBuildFile; fileRef = 2A1A59801BD884F2008825FD /* Canon.swift */; };
		2A1A59831BD89EFA008825FD /* BlackHole.swift in Sources */ = {isa = PBXBuildFile; fileRef = 2A1A59821BD89EFA008825FD /* BlackHole.swift */; };
		2A1D3E901BD3169E0014B658 /* MutiplayerScene.swift in Sources */ = {isa = PBXBuildFile; fileRef = 2A1D3E8F1BD3169E0014B658 /* MutiplayerScene.swift */; };
		2A68E6481BFABD8A00E708A4 /* Balloon.swift in Sources */ = {isa = PBXBuildFile; fileRef = 2A68E6471BFABD8A00E708A4 /* Balloon.swift */; };
		2A8274691BAB62D900A59823 /* sound in Resources */ = {isa = PBXBuildFile; fileRef = 2A8274671BAB62D900A59823 /* sound */; };
		2A82746A1BAB62D900A59823 /* SoundEffect.swift in Sources */ = {isa = PBXBuildFile; fileRef = 2A8274681BAB62D900A59823 /* SoundEffect.swift */; };
		2A8EFD761BD6F3A3008E170B /* Interfaces.swift in Sources */ = {isa = PBXBuildFile; fileRef = 2A8EFD751BD6F3A3008E170B /* Interfaces.swift */; };
		2AA53A6D1BBD97EC00CC72A9 /* EquipmentViewController.swift in Sources */ = {isa = PBXBuildFile; fileRef = 2AA53A6B1BBD97EC00CC72A9 /* EquipmentViewController.swift */; };
		2AA53A6E1BBD97EC00CC72A9 /* EquipmentViewController.xib in Resources */ = {isa = PBXBuildFile; fileRef = 2AA53A6C1BBD97EC00CC72A9 /* EquipmentViewController.xib */; };
		2AA53A831BBDCCFF00CC72A9 /* EquipmentItem.swift in Sources */ = {isa = PBXBuildFile; fileRef = 2AA53A811BBDCCFF00CC72A9 /* EquipmentItem.swift */; };
		2AA53A841BBDCCFF00CC72A9 /* EquipmentItem.xib in Resources */ = {isa = PBXBuildFile; fileRef = 2AA53A821BBDCCFF00CC72A9 /* EquipmentItem.xib */; };
		2AA53A8B1BBDFAD600CC72A9 /* BowGame.xcdatamodeld in Sources */ = {isa = PBXBuildFile; fileRef = 2AA53A891BBDFAD600CC72A9 /* BowGame.xcdatamodeld */; };
		2AA53ACA1BBE361B00CC72A9 /* DataCenter.swift in Sources */ = {isa = PBXBuildFile; fileRef = 2AA53AC91BBE361B00CC72A9 /* DataCenter.swift */; };
		2AA9B1D81BABDB6F009491AC /* GameController.swift in Sources */ = {isa = PBXBuildFile; fileRef = 2AA9B1D71BABDB6F009491AC /* GameController.swift */; };
		2AA9B1DC1BABE55E009491AC /* ShootingAngle.swift in Sources */ = {isa = PBXBuildFile; fileRef = 2AA9B1DB1BABE55E009491AC /* ShootingAngle.swift */; };
		2AF0CADF1BC0840800FBC36A /* DataColletion.swift in Sources */ = {isa = PBXBuildFile; fileRef = 2AF0CADE1BC0840800FBC36A /* DataColletion.swift */; };
		2AF0CAF11BC0970800FBC36A /* ArrowItem.swift in Sources */ = {isa = PBXBuildFile; fileRef = 2AF0CAF01BC0970800FBC36A /* ArrowItem.swift */; };
		2AF0CAF31BC0977B00FBC36A /* PlayerItem.swift in Sources */ = {isa = PBXBuildFile; fileRef = 2AF0CAF21BC0977B00FBC36A /* PlayerItem.swift */; };
		2AF0CAF51BC0977B00FBC36A /* BowItem.swift in Sources */ = {isa = PBXBuildFile; fileRef = 2AF0CAF41BC0977B00FBC36A /* BowItem.swift */; };
		2AF0CAF71BC0977B00FBC36A /* CurrentItem.swift in Sources */ = {isa = PBXBuildFile; fileRef = 2AF0CAF61BC0977B00FBC36A /* CurrentItem.swift */; };
		5379AC701BA9E7C70061BC19 /* Ground.swift in Sources */ = {isa = PBXBuildFile; fileRef = 5379AC6F1BA9E7C70061BC19 /* Ground.swift */; };
		5379AC721BA9E8320061BC19 /* blood.sks in Resources */ = {isa = PBXBuildFile; fileRef = 5379AC711BA9E8320061BC19 /* blood.sks */; };
		5379AC741BA9E83E0061BC19 /* spark.png in Resources */ = {isa = PBXBuildFile; fileRef = 5379AC731BA9E83E0061BC19 /* spark.png */; };
		539680DF1BAF2975000906FE /* Obstacle.swift in Sources */ = {isa = PBXBuildFile; fileRef = 539680DE1BAF2975000906FE /* Obstacle.swift */; };
		5396E8651BDDFE0800EEAD9D /* AppWarp_iOS_SDK.framework in Frameworks */ = {isa = PBXBuildFile; fileRef = 1379F18D1BD6EE52009F1C01 /* AppWarp_iOS_SDK.framework */; };
		894287571BACC1A400E519B8 /* Buff.swift in Sources */ = {isa = PBXBuildFile; fileRef = 894287561BACC1A400E519B8 /* Buff.swift */; };
		89696E2D1BDD5F560027FA3D /* Bound.swift in Sources */ = {isa = PBXBuildFile; fileRef = 89696E2C1BDD5F560027FA3D /* Bound.swift */; };
		896F423E1BC2F11A0070DAAD /* Controller.swift in Sources */ = {isa = PBXBuildFile; fileRef = 896F423D1BC2F11A0070DAAD /* Controller.swift */; };
		898238811BCDD20200B769F0 /* StageGameScene.swift in Sources */ = {isa = PBXBuildFile; fileRef = 898238801BCDD20200B769F0 /* StageGameScene.swift */; };
		89A4C4791BDAE24600094A84 /* TestScene.swift in Sources */ = {isa = PBXBuildFile; fileRef = 89A4C4781BDAE24600094A84 /* TestScene.swift */; };
		89A4C47B1BDAE62300094A84 /* StageOne.swift in Sources */ = {isa = PBXBuildFile; fileRef = 89A4C47A1BDAE62300094A84 /* StageOne.swift */; };
		89A4C47D1BDAE7E300094A84 /* StageTwo.swift in Sources */ = {isa = PBXBuildFile; fileRef = 89A4C47C1BDAE7E300094A84 /* StageTwo.swift */; };
		89A4C47F1BDAE7F200094A84 /* StageThree.swift in Sources */ = {isa = PBXBuildFile; fileRef = 89A4C47E1BDAE7F200094A84 /* StageThree.swift */; };
		89AE69001BF2AB4300FDAFD7 /* StageFour.swift in Sources */ = {isa = PBXBuildFile; fileRef = 89AE68FF1BF2AB4300FDAFD7 /* StageFour.swift */; };
		89AE69021BF2AB5B00FDAFD7 /* StageFive.swift in Sources */ = {isa = PBXBuildFile; fileRef = 89AE69011BF2AB5B00FDAFD7 /* StageFive.swift */; };
		89AE69041BF2AB6600FDAFD7 /* StageSix.swift in Sources */ = {isa = PBXBuildFile; fileRef = 89AE69031BF2AB6600FDAFD7 /* StageSix.swift */; };
		89AE69061BF2AB7100FDAFD7 /* StageSeven.swift in Sources */ = {isa = PBXBuildFile; fileRef = 89AE69051BF2AB7100FDAFD7 /* StageSeven.swift */; };
		89AE69081BF2AB7B00FDAFD7 /* StageEight.swift in Sources */ = {isa = PBXBuildFile; fileRef = 89AE69071BF2AB7B00FDAFD7 /* StageEight.swift */; };
		89B9217B1BBE1F200073E10C /* GameOverScene.swift in Sources */ = {isa = PBXBuildFile; fileRef = 89B9217A1BBE1F200073E10C /* GameOverScene.swift */; };
		89C8385D1BDAD1B00016111E /* StageSelection.swift in Sources */ = {isa = PBXBuildFile; fileRef = 89C8385C1BDAD1B00016111E /* StageSelection.swift */; };
		89CCF8091BCF037100ED6B7C /* Boss.swift in Sources */ = {isa = PBXBuildFile; fileRef = 89CCF8081BCF037100ED6B7C /* Boss.swift */; };
		F805C92A1BA61F530038B692 /* ShootAnimation.atlasc in Resources */ = {isa = PBXBuildFile; fileRef = F805C9281BA61F530038B692 /* ShootAnimation.atlasc */; };
		F805C92B1BA61F530038B692 /* ShootAnimation.swift in Sources */ = {isa = PBXBuildFile; fileRef = F805C9291BA61F530038B692 /* ShootAnimation.swift */; };
		F81D89971BB31C1300B9718C /* Terrain.swift in Sources */ = {isa = PBXBuildFile; fileRef = F81D89961BB31C1300B9718C /* Terrain.swift */; };
		F87E85891BD2F46C00215B5C /* ArrowPanel.swift in Sources */ = {isa = PBXBuildFile; fileRef = F87E85881BD2F46C00215B5C /* ArrowPanel.swift */; };
		F87E858B1BD2F55D00215B5C /* bowarrow.png in Resources */ = {isa = PBXBuildFile; fileRef = F87E858A1BD2F55D00215B5C /* bowarrow.png */; };
/* End PBXBuildFile section */

/* Begin PBXContainerItemProxy section */
		1369CAA51B9DFFE400895E88 /* PBXContainerItemProxy */ = {
			isa = PBXContainerItemProxy;
			containerPortal = 1369CA831B9DFFE400895E88 /* Project object */;
			proxyType = 1;
			remoteGlobalIDString = 1369CA8A1B9DFFE400895E88;
			remoteInfo = BowGame;
		};
/* End PBXContainerItemProxy section */

/* Begin PBXFileReference section */
		134A559F1BA503FA00C09E99 /* Constants.swift */ = {isa = PBXFileReference; fileEncoding = 4; lastKnownFileType = sourcecode.swift; path = Constants.swift; sourceTree = "<group>"; };
		1369CA8B1B9DFFE400895E88 /* BowGame.app */ = {isa = PBXFileReference; explicitFileType = wrapper.application; includeInIndex = 0; path = BowGame.app; sourceTree = BUILT_PRODUCTS_DIR; };
		1369CA8F1B9DFFE400895E88 /* Info.plist */ = {isa = PBXFileReference; lastKnownFileType = text.plist.xml; path = Info.plist; sourceTree = "<group>"; };
		1369CA991B9DFFE400895E88 /* Base */ = {isa = PBXFileReference; lastKnownFileType = file.storyboard; name = Base; path = Base.lproj/Main.storyboard; sourceTree = "<group>"; };
		1369CA9B1B9DFFE400895E88 /* Images.xcassets */ = {isa = PBXFileReference; lastKnownFileType = folder.assetcatalog; path = Images.xcassets; sourceTree = "<group>"; };
		1369CA9E1B9DFFE400895E88 /* Base */ = {isa = PBXFileReference; lastKnownFileType = file.xib; name = Base; path = Base.lproj/LaunchScreen.xib; sourceTree = "<group>"; };
		1369CAA41B9DFFE400895E88 /* BowGameTests.xctest */ = {isa = PBXFileReference; explicitFileType = wrapper.cfbundle; includeInIndex = 0; path = BowGameTests.xctest; sourceTree = BUILT_PRODUCTS_DIR; };
		1369CAA91B9DFFE400895E88 /* Info.plist */ = {isa = PBXFileReference; lastKnownFileType = text.plist.xml; path = Info.plist; sourceTree = "<group>"; };
		1369CAAA1B9DFFE400895E88 /* BowGameTests.swift */ = {isa = PBXFileReference; lastKnownFileType = sourcecode.swift; path = BowGameTests.swift; sourceTree = "<group>"; };
		1379F18D1BD6EE52009F1C01 /* AppWarp_iOS_SDK.framework */ = {isa = PBXFileReference; lastKnownFileType = wrapper.framework; path = AppWarp_iOS_SDK.framework; sourceTree = "<group>"; };
		1379F18E1BD6EE52009F1C01 /* AppWarpHelper.swift */ = {isa = PBXFileReference; fileEncoding = 4; lastKnownFileType = sourcecode.swift; path = AppWarpHelper.swift; sourceTree = "<group>"; };
		1379F1901BD6EE52009F1C01 /* ConnectionListener.swift */ = {isa = PBXFileReference; fileEncoding = 4; lastKnownFileType = sourcecode.swift; path = ConnectionListener.swift; sourceTree = "<group>"; };
		1379F1911BD6EE52009F1C01 /* NotificationListener.swift */ = {isa = PBXFileReference; fileEncoding = 4; lastKnownFileType = sourcecode.swift; path = NotificationListener.swift; sourceTree = "<group>"; };
		1379F1921BD6EE52009F1C01 /* RoomListener.swift */ = {isa = PBXFileReference; fileEncoding = 4; lastKnownFileType = sourcecode.swift; path = RoomListener.swift; sourceTree = "<group>"; };
		1379F1931BD6EE52009F1C01 /* ZoneListener.swift */ = {isa = PBXFileReference; fileEncoding = 4; lastKnownFileType = sourcecode.swift; path = ZoneListener.swift; sourceTree = "<group>"; };
		1379F19A1BD6EE81009F1C01 /* BowGame-Bridging-Header.h */ = {isa = PBXFileReference; lastKnownFileType = sourcecode.c.h; path = "BowGame-Bridging-Header.h"; sourceTree = "<group>"; };
		13D55A051C03C79100C917E1 /* StageInfo.xib */ = {isa = PBXFileReference; fileEncoding = 4; lastKnownFileType = file.xib; path = StageInfo.xib; sourceTree = "<group>"; };
		13D55A071C03C79B00C917E1 /* StageInfo.swift */ = {isa = PBXFileReference; fileEncoding = 4; lastKnownFileType = sourcecode.swift; path = StageInfo.swift; sourceTree = "<group>"; };
		13F795631BDD80CC00642501 /* AVFoundation.framework */ = {isa = PBXFileReference; lastKnownFileType = wrapper.framework; name = AVFoundation.framework; path = System/Library/Frameworks/AVFoundation.framework; sourceTree = SDKROOT; };
		2A198E021BA0C32800F050A4 /* AppDelegate.swift */ = {isa = PBXFileReference; fileEncoding = 4; lastKnownFileType = sourcecode.swift; path = AppDelegate.swift; sourceTree = "<group>"; };
		2A198E031BA0C32800F050A4 /* Arrow.swift */ = {isa = PBXFileReference; fileEncoding = 4; lastKnownFileType = sourcecode.swift; path = Arrow.swift; sourceTree = "<group>"; };
		2A198E041BA0C32800F050A4 /* Bow.swift */ = {isa = PBXFileReference; fileEncoding = 4; lastKnownFileType = sourcecode.swift; path = Bow.swift; sourceTree = "<group>"; };
		2A198E051BA0C32800F050A4 /* CollisionHelp.swift */ = {isa = PBXFileReference; fileEncoding = 4; lastKnownFileType = sourcecode.swift; path = CollisionHelp.swift; sourceTree = "<group>"; };
		2A198E061BA0C32800F050A4 /* GameScene.swift */ = {isa = PBXFileReference; fileEncoding = 4; lastKnownFileType = sourcecode.swift; path = GameScene.swift; sourceTree = "<group>"; };
		2A198E071BA0C32800F050A4 /* GameViewController.swift */ = {isa = PBXFileReference; fileEncoding = 4; lastKnownFileType = sourcecode.swift; path = GameViewController.swift; sourceTree = "<group>"; };
		2A198E081BA0C32800F050A4 /* Player.swift */ = {isa = PBXFileReference; fileEncoding = 4; lastKnownFileType = sourcecode.swift; path = Player.swift; sourceTree = "<group>"; };
		2A198E091BA0C32800F050A4 /* StartGameScene.swift */ = {isa = PBXFileReference; fileEncoding = 4; lastKnownFileType = sourcecode.swift; path = StartGameScene.swift; sourceTree = "<group>"; };
		2A1A59801BD884F2008825FD /* Canon.swift */ = {isa = PBXFileReference; fileEncoding = 4; lastKnownFileType = sourcecode.swift; path = Canon.swift; sourceTree = "<group>"; };
		2A1A59821BD89EFA008825FD /* BlackHole.swift */ = {isa = PBXFileReference; fileEncoding = 4; lastKnownFileType = sourcecode.swift; path = BlackHole.swift; sourceTree = "<group>"; };
		2A1D3E8F1BD3169E0014B658 /* MutiplayerScene.swift */ = {isa = PBXFileReference; fileEncoding = 4; lastKnownFileType = sourcecode.swift; path = MutiplayerScene.swift; sourceTree = "<group>"; };
		2A68E6471BFABD8A00E708A4 /* Balloon.swift */ = {isa = PBXFileReference; fileEncoding = 4; lastKnownFileType = sourcecode.swift; path = Balloon.swift; sourceTree = "<group>"; };
		2A8274671BAB62D900A59823 /* sound */ = {isa = PBXFileReference; lastKnownFileType = folder; path = sound; sourceTree = "<group>"; };
		2A8274681BAB62D900A59823 /* SoundEffect.swift */ = {isa = PBXFileReference; fileEncoding = 4; lastKnownFileType = sourcecode.swift; path = SoundEffect.swift; sourceTree = "<group>"; };
		2A8EFD751BD6F3A3008E170B /* Interfaces.swift */ = {isa = PBXFileReference; fileEncoding = 4; lastKnownFileType = sourcecode.swift; path = Interfaces.swift; sourceTree = "<group>"; };
		2AA53A6B1BBD97EC00CC72A9 /* EquipmentViewController.swift */ = {isa = PBXFileReference; fileEncoding = 4; lastKnownFileType = sourcecode.swift; path = EquipmentViewController.swift; sourceTree = "<group>"; };
		2AA53A6C1BBD97EC00CC72A9 /* EquipmentViewController.xib */ = {isa = PBXFileReference; fileEncoding = 4; lastKnownFileType = file.xib; path = EquipmentViewController.xib; sourceTree = "<group>"; };
		2AA53A811BBDCCFF00CC72A9 /* EquipmentItem.swift */ = {isa = PBXFileReference; fileEncoding = 4; lastKnownFileType = sourcecode.swift; path = EquipmentItem.swift; sourceTree = "<group>"; };
		2AA53A821BBDCCFF00CC72A9 /* EquipmentItem.xib */ = {isa = PBXFileReference; fileEncoding = 4; lastKnownFileType = file.xib; path = EquipmentItem.xib; sourceTree = "<group>"; };
		2AA53A8A1BBDFAD600CC72A9 /* BowGame.xcdatamodel */ = {isa = PBXFileReference; explicitFileType = wrapper.xcdatamodel; path = BowGame.xcdatamodel; sourceTree = "<group>"; };
		2AA53AC91BBE361B00CC72A9 /* DataCenter.swift */ = {isa = PBXFileReference; fileEncoding = 4; lastKnownFileType = sourcecode.swift; path = DataCenter.swift; sourceTree = "<group>"; };
		2AA9B1D71BABDB6F009491AC /* GameController.swift */ = {isa = PBXFileReference; fileEncoding = 4; lastKnownFileType = sourcecode.swift; path = GameController.swift; sourceTree = "<group>"; };
		2AA9B1DB1BABE55E009491AC /* ShootingAngle.swift */ = {isa = PBXFileReference; fileEncoding = 4; lastKnownFileType = sourcecode.swift; path = ShootingAngle.swift; sourceTree = "<group>"; };
		2AF0CADE1BC0840800FBC36A /* DataColletion.swift */ = {isa = PBXFileReference; fileEncoding = 4; lastKnownFileType = sourcecode.swift; path = DataColletion.swift; sourceTree = "<group>"; };
		2AF0CAF01BC0970800FBC36A /* ArrowItem.swift */ = {isa = PBXFileReference; fileEncoding = 4; lastKnownFileType = sourcecode.swift; path = ArrowItem.swift; sourceTree = "<group>"; };
		2AF0CAF21BC0977B00FBC36A /* PlayerItem.swift */ = {isa = PBXFileReference; fileEncoding = 4; lastKnownFileType = sourcecode.swift; path = PlayerItem.swift; sourceTree = "<group>"; };
		2AF0CAF41BC0977B00FBC36A /* BowItem.swift */ = {isa = PBXFileReference; fileEncoding = 4; lastKnownFileType = sourcecode.swift; path = BowItem.swift; sourceTree = "<group>"; };
		2AF0CAF61BC0977B00FBC36A /* CurrentItem.swift */ = {isa = PBXFileReference; fileEncoding = 4; lastKnownFileType = sourcecode.swift; path = CurrentItem.swift; sourceTree = "<group>"; };
		2AF0CAF81BC09B5700FBC36A /* BowGame2.xcdatamodel */ = {isa = PBXFileReference; lastKnownFileType = wrapper.xcdatamodel; path = BowGame2.xcdatamodel; sourceTree = "<group>"; };
		5379AC6F1BA9E7C70061BC19 /* Ground.swift */ = {isa = PBXFileReference; fileEncoding = 4; lastKnownFileType = sourcecode.swift; path = Ground.swift; sourceTree = "<group>"; };
		5379AC711BA9E8320061BC19 /* blood.sks */ = {isa = PBXFileReference; lastKnownFileType = file.sks; path = blood.sks; sourceTree = "<group>"; };
		5379AC731BA9E83E0061BC19 /* spark.png */ = {isa = PBXFileReference; lastKnownFileType = image.png; path = spark.png; sourceTree = "<group>"; };
		539680DE1BAF2975000906FE /* Obstacle.swift */ = {isa = PBXFileReference; fileEncoding = 4; lastKnownFileType = sourcecode.swift; path = Obstacle.swift; sourceTree = "<group>"; };
		894287561BACC1A400E519B8 /* Buff.swift */ = {isa = PBXFileReference; fileEncoding = 4; lastKnownFileType = sourcecode.swift; path = Buff.swift; sourceTree = "<group>"; };
		89696E2C1BDD5F560027FA3D /* Bound.swift */ = {isa = PBXFileReference; fileEncoding = 4; lastKnownFileType = sourcecode.swift; path = Bound.swift; sourceTree = "<group>"; };
		896F423D1BC2F11A0070DAAD /* Controller.swift */ = {isa = PBXFileReference; fileEncoding = 4; lastKnownFileType = sourcecode.swift; path = Controller.swift; sourceTree = "<group>"; };
		898238801BCDD20200B769F0 /* StageGameScene.swift */ = {isa = PBXFileReference; fileEncoding = 4; lastKnownFileType = sourcecode.swift; path = StageGameScene.swift; sourceTree = "<group>"; };
		89A4C4781BDAE24600094A84 /* TestScene.swift */ = {isa = PBXFileReference; fileEncoding = 4; lastKnownFileType = sourcecode.swift; path = TestScene.swift; sourceTree = "<group>"; };
		89A4C47A1BDAE62300094A84 /* StageOne.swift */ = {isa = PBXFileReference; fileEncoding = 4; lastKnownFileType = sourcecode.swift; path = StageOne.swift; sourceTree = "<group>"; };
		89A4C47C1BDAE7E300094A84 /* StageTwo.swift */ = {isa = PBXFileReference; fileEncoding = 4; lastKnownFileType = sourcecode.swift; path = StageTwo.swift; sourceTree = "<group>"; };
		89A4C47E1BDAE7F200094A84 /* StageThree.swift */ = {isa = PBXFileReference; fileEncoding = 4; lastKnownFileType = sourcecode.swift; path = StageThree.swift; sourceTree = "<group>"; };
		89AE68FF1BF2AB4300FDAFD7 /* StageFour.swift */ = {isa = PBXFileReference; fileEncoding = 4; lastKnownFileType = sourcecode.swift; path = StageFour.swift; sourceTree = "<group>"; };
		89AE69011BF2AB5B00FDAFD7 /* StageFive.swift */ = {isa = PBXFileReference; fileEncoding = 4; lastKnownFileType = sourcecode.swift; path = StageFive.swift; sourceTree = "<group>"; };
		89AE69031BF2AB6600FDAFD7 /* StageSix.swift */ = {isa = PBXFileReference; fileEncoding = 4; lastKnownFileType = sourcecode.swift; path = StageSix.swift; sourceTree = "<group>"; };
		89AE69051BF2AB7100FDAFD7 /* StageSeven.swift */ = {isa = PBXFileReference; fileEncoding = 4; lastKnownFileType = sourcecode.swift; path = StageSeven.swift; sourceTree = "<group>"; };
		89AE69071BF2AB7B00FDAFD7 /* StageEight.swift */ = {isa = PBXFileReference; fileEncoding = 4; lastKnownFileType = sourcecode.swift; path = StageEight.swift; sourceTree = "<group>"; };
		89B9217A1BBE1F200073E10C /* GameOverScene.swift */ = {isa = PBXFileReference; fileEncoding = 4; lastKnownFileType = sourcecode.swift; path = GameOverScene.swift; sourceTree = "<group>"; };
		89C8385C1BDAD1B00016111E /* StageSelection.swift */ = {isa = PBXFileReference; fileEncoding = 4; lastKnownFileType = sourcecode.swift; path = StageSelection.swift; sourceTree = "<group>"; };
		89CCF8081BCF037100ED6B7C /* Boss.swift */ = {isa = PBXFileReference; fileEncoding = 4; lastKnownFileType = sourcecode.swift; path = Boss.swift; sourceTree = "<group>"; };
		F805C9281BA61F530038B692 /* ShootAnimation.atlasc */ = {isa = PBXFileReference; lastKnownFileType = folder; path = ShootAnimation.atlasc; sourceTree = "<group>"; };
		F805C9291BA61F530038B692 /* ShootAnimation.swift */ = {isa = PBXFileReference; fileEncoding = 4; lastKnownFileType = sourcecode.swift; path = ShootAnimation.swift; sourceTree = "<group>"; };
		F81D89961BB31C1300B9718C /* Terrain.swift */ = {isa = PBXFileReference; fileEncoding = 4; lastKnownFileType = sourcecode.swift; path = Terrain.swift; sourceTree = "<group>"; };
		F87E85881BD2F46C00215B5C /* ArrowPanel.swift */ = {isa = PBXFileReference; fileEncoding = 4; lastKnownFileType = sourcecode.swift; path = ArrowPanel.swift; sourceTree = "<group>"; };
		F87E858A1BD2F55D00215B5C /* bowarrow.png */ = {isa = PBXFileReference; lastKnownFileType = image.png; path = bowarrow.png; sourceTree = "<group>"; };
/* End PBXFileReference section */

/* Begin PBXFrameworksBuildPhase section */
		1369CA881B9DFFE400895E88 /* Frameworks */ = {
			isa = PBXFrameworksBuildPhase;
			buildActionMask = 2147483647;
			files = (
				5396E8651BDDFE0800EEAD9D /* AppWarp_iOS_SDK.framework in Frameworks */,
			);
			runOnlyForDeploymentPostprocessing = 0;
		};
		1369CAA11B9DFFE400895E88 /* Frameworks */ = {
			isa = PBXFrameworksBuildPhase;
			buildActionMask = 2147483647;
			files = (
			);
			runOnlyForDeploymentPostprocessing = 0;
		};
/* End PBXFrameworksBuildPhase section */

/* Begin PBXGroup section */
		1369CA821B9DFFE400895E88 = {
			isa = PBXGroup;
			children = (
				13F795631BDD80CC00642501 /* AVFoundation.framework */,
				1369CA8D1B9DFFE400895E88 /* BowGame */,
				1369CAA71B9DFFE400895E88 /* BowGameTests */,
				1369CA8C1B9DFFE400895E88 /* Products */,
			);
			sourceTree = "<group>";
		};
		1369CA8C1B9DFFE400895E88 /* Products */ = {
			isa = PBXGroup;
			children = (
				1369CA8B1B9DFFE400895E88 /* BowGame.app */,
				1369CAA41B9DFFE400895E88 /* BowGameTests.xctest */,
			);
			name = Products;
			sourceTree = "<group>";
		};
		1369CA8D1B9DFFE400895E88 /* BowGame */ = {
			isa = PBXGroup;
			children = (
				1379F18C1BD6EE52009F1C01 /* AppWarpHelperClasses */,
				2A8274671BAB62D900A59823 /* sound */,
				2A8274681BAB62D900A59823 /* SoundEffect.swift */,
				2AA9B1DD1BABF01D009491AC /* Shotable */,
				5379AC711BA9E8320061BC19 /* blood.sks */,
				5379AC731BA9E83E0061BC19 /* spark.png */,
				F805C9281BA61F530038B692 /* ShootAnimation.atlasc */,
				F805C9291BA61F530038B692 /* ShootAnimation.swift */,
				2A198E021BA0C32800F050A4 /* AppDelegate.swift */,
				F87E858A1BD2F55D00215B5C /* bowarrow.png */,
				F87E85881BD2F46C00215B5C /* ArrowPanel.swift */,
				2A8EFD721BD6F233008E170B /* Core */,
				2A4795B11BBAF989009A20F0 /* UI */,
				1369CA981B9DFFE400895E88 /* Main.storyboard */,
				1369CA9B1B9DFFE400895E88 /* Images.xcassets */,
				1369CA9D1B9DFFE400895E88 /* LaunchScreen.xib */,
				1369CA8E1B9DFFE400895E88 /* Supporting Files */,
				F81D89961BB31C1300B9718C /* Terrain.swift */,
			);
			path = BowGame;
			sourceTree = "<group>";
		};
		1369CA8E1B9DFFE400895E88 /* Supporting Files */ = {
			isa = PBXGroup;
			children = (
				1369CA8F1B9DFFE400895E88 /* Info.plist */,
			);
			name = "Supporting Files";
			sourceTree = "<group>";
		};
		1369CAA71B9DFFE400895E88 /* BowGameTests */ = {
			isa = PBXGroup;
			children = (
				1369CAAA1B9DFFE400895E88 /* BowGameTests.swift */,
				1369CAA81B9DFFE400895E88 /* Supporting Files */,
			);
			path = BowGameTests;
			sourceTree = "<group>";
		};
		1369CAA81B9DFFE400895E88 /* Supporting Files */ = {
			isa = PBXGroup;
			children = (
				1369CAA91B9DFFE400895E88 /* Info.plist */,
			);
			name = "Supporting Files";
			sourceTree = "<group>";
		};
		1379F18C1BD6EE52009F1C01 /* AppWarpHelperClasses */ = {
			isa = PBXGroup;
			children = (
				1379F18D1BD6EE52009F1C01 /* AppWarp_iOS_SDK.framework */,
				1379F18E1BD6EE52009F1C01 /* AppWarpHelper.swift */,
				1379F1901BD6EE52009F1C01 /* ConnectionListener.swift */,
				1379F1911BD6EE52009F1C01 /* NotificationListener.swift */,
				1379F1921BD6EE52009F1C01 /* RoomListener.swift */,
				1379F1931BD6EE52009F1C01 /* ZoneListener.swift */,
				1379F19A1BD6EE81009F1C01 /* BowGame-Bridging-Header.h */,
			);
			path = AppWarpHelperClasses;
			sourceTree = "<group>";
		};
		13D55A041C03C78100C917E1 /* StageInfo */ = {
			isa = PBXGroup;
			children = (
				13D55A071C03C79B00C917E1 /* StageInfo.swift */,
				13D55A051C03C79100C917E1 /* StageInfo.xib */,
			);
			name = StageInfo;
			sourceTree = "<group>";
		};
		2A4795B11BBAF989009A20F0 /* UI */ = {
			isa = PBXGroup;
			children = (
				13D55A041C03C78100C917E1 /* StageInfo */,
				2A4795C21BBB3B84009A20F0 /* Equipment */,
			);
			name = UI;
			sourceTree = "<group>";
		};
		2A4795C21BBB3B84009A20F0 /* Equipment */ = {
			isa = PBXGroup;
			children = (
				2AA53A6B1BBD97EC00CC72A9 /* EquipmentViewController.swift */,
				2AA53A6C1BBD97EC00CC72A9 /* EquipmentViewController.xib */,
				2AA53A811BBDCCFF00CC72A9 /* EquipmentItem.swift */,
				2AA53A821BBDCCFF00CC72A9 /* EquipmentItem.xib */,
			);
			name = Equipment;
			sourceTree = "<group>";
		};
		2A8EFD721BD6F233008E170B /* Core */ = {
			isa = PBXGroup;
			children = (
				2AA53A851BBDF95C00CC72A9 /* Datas */,
				2A8EFD751BD6F3A3008E170B /* Interfaces.swift */,
				134A559F1BA503FA00C09E99 /* Constants.swift */,
				2A198E051BA0C32800F050A4 /* CollisionHelp.swift */,
				2A8EFD741BD6F32C008E170B /* Elements */,
				2AA9B1DA1BABE52D009491AC /* GameController */,
				2A8EFD731BD6F23F008E170B /* Scene */,
			);
			name = Core;
			sourceTree = "<group>";
		};
		2A8EFD731BD6F23F008E170B /* Scene */ = {
			isa = PBXGroup;
			children = (
				89A4C4801BDAE80B00094A84 /* stages */,
				2A198E071BA0C32800F050A4 /* GameViewController.swift */,
				2A1D3E8F1BD3169E0014B658 /* MutiplayerScene.swift */,
				2A198E061BA0C32800F050A4 /* GameScene.swift */,
				898238801BCDD20200B769F0 /* StageGameScene.swift */,
				2A198E091BA0C32800F050A4 /* StartGameScene.swift */,
				89B9217A1BBE1F200073E10C /* GameOverScene.swift */,
				89C8385C1BDAD1B00016111E /* StageSelection.swift */,
			);
			name = Scene;
			sourceTree = "<group>";
		};
		2A8EFD741BD6F32C008E170B /* Elements */ = {
			isa = PBXGroup;
			children = (
				2A1A59801BD884F2008825FD /* Canon.swift */,
				89CCF8081BCF037100ED6B7C /* Boss.swift */,
				539680DE1BAF2975000906FE /* Obstacle.swift */,
				2A198E031BA0C32800F050A4 /* Arrow.swift */,
				2A198E081BA0C32800F050A4 /* Player.swift */,
				2A68E6471BFABD8A00E708A4 /* Balloon.swift */,
				2A198E041BA0C32800F050A4 /* Bow.swift */,
				2A1A59821BD89EFA008825FD /* BlackHole.swift */,
			);
			name = Elements;
			sourceTree = "<group>";
		};
		2AA53A851BBDF95C00CC72A9 /* Datas */ = {
			isa = PBXGroup;
			children = (
				2AF0CAF41BC0977B00FBC36A /* BowItem.swift */,
				2AF0CAF21BC0977B00FBC36A /* PlayerItem.swift */,
				2AF0CAF01BC0970800FBC36A /* ArrowItem.swift */,
				2AF0CAF61BC0977B00FBC36A /* CurrentItem.swift */,
				2AA53A891BBDFAD600CC72A9 /* BowGame.xcdatamodeld */,
				2AA53AC91BBE361B00CC72A9 /* DataCenter.swift */,
				2AF0CADE1BC0840800FBC36A /* DataColletion.swift */,
			);
			name = Datas;
			sourceTree = "<group>";
		};
		2AA9B1DA1BABE52D009491AC /* GameController */ = {
			isa = PBXGroup;
			children = (
				896F423D1BC2F11A0070DAAD /* Controller.swift */,
				2AA9B1D71BABDB6F009491AC /* GameController.swift */,
				2AA9B1DB1BABE55E009491AC /* ShootingAngle.swift */,
			);
			name = GameController;
			sourceTree = "<group>";
		};
		2AA9B1DD1BABF01D009491AC /* Shotable */ = {
			isa = PBXGroup;
			children = (
				894287561BACC1A400E519B8 /* Buff.swift */,
				89696E2C1BDD5F560027FA3D /* Bound.swift */,
				5379AC6F1BA9E7C70061BC19 /* Ground.swift */,
			);
			name = Shotable;
			sourceTree = "<group>";
		};
		89A4C4801BDAE80B00094A84 /* stages */ = {
			isa = PBXGroup;
			children = (
				89A4C47A1BDAE62300094A84 /* StageOne.swift */,
				89A4C47C1BDAE7E300094A84 /* StageTwo.swift */,
				89A4C47E1BDAE7F200094A84 /* StageThree.swift */,
				89AE68FF1BF2AB4300FDAFD7 /* StageFour.swift */,
				89AE69011BF2AB5B00FDAFD7 /* StageFive.swift */,
				89AE69031BF2AB6600FDAFD7 /* StageSix.swift */,
				89AE69051BF2AB7100FDAFD7 /* StageSeven.swift */,
				89AE69071BF2AB7B00FDAFD7 /* StageEight.swift */,
				89A4C4781BDAE24600094A84 /* TestScene.swift */,
			);
			name = stages;
			sourceTree = "<group>";
		};
/* End PBXGroup section */

/* Begin PBXNativeTarget section */
		1369CA8A1B9DFFE400895E88 /* BowGame */ = {
			isa = PBXNativeTarget;
			buildConfigurationList = 1369CAAE1B9DFFE400895E88 /* Build configuration list for PBXNativeTarget "BowGame" */;
			buildPhases = (
				1369CA871B9DFFE400895E88 /* Sources */,
				1369CA881B9DFFE400895E88 /* Frameworks */,
				1369CA891B9DFFE400895E88 /* Resources */,
			);
			buildRules = (
			);
			dependencies = (
			);
			name = BowGame;
			productName = BowGame;
			productReference = 1369CA8B1B9DFFE400895E88 /* BowGame.app */;
			productType = "com.apple.product-type.application";
		};
		1369CAA31B9DFFE400895E88 /* BowGameTests */ = {
			isa = PBXNativeTarget;
			buildConfigurationList = 1369CAB11B9DFFE400895E88 /* Build configuration list for PBXNativeTarget "BowGameTests" */;
			buildPhases = (
				1369CAA01B9DFFE400895E88 /* Sources */,
				1369CAA11B9DFFE400895E88 /* Frameworks */,
				1369CAA21B9DFFE400895E88 /* Resources */,
			);
			buildRules = (
			);
			dependencies = (
				1369CAA61B9DFFE400895E88 /* PBXTargetDependency */,
			);
			name = BowGameTests;
			productName = BowGameTests;
			productReference = 1369CAA41B9DFFE400895E88 /* BowGameTests.xctest */;
			productType = "com.apple.product-type.bundle.unit-test";
		};
/* End PBXNativeTarget section */

/* Begin PBXProject section */
		1369CA831B9DFFE400895E88 /* Project object */ = {
			isa = PBXProject;
			attributes = {
				LastSwiftMigration = 0700;
				LastSwiftUpdateCheck = 0700;
				LastUpgradeCheck = 0640;
				ORGANIZATIONNAME = "Antonis papantoniou";
				TargetAttributes = {
					1369CA8A1B9DFFE400895E88 = {
						CreatedOnToolsVersion = 6.4;
						DevelopmentTeam = 28Y2YPE73K;
					};
					1369CAA31B9DFFE400895E88 = {
						CreatedOnToolsVersion = 6.4;
						TestTargetID = 1369CA8A1B9DFFE400895E88;
					};
				};
			};
			buildConfigurationList = 1369CA861B9DFFE400895E88 /* Build configuration list for PBXProject "BowGame" */;
			compatibilityVersion = "Xcode 3.2";
			developmentRegion = English;
			hasScannedForEncodings = 0;
			knownRegions = (
				en,
				Base,
			);
			mainGroup = 1369CA821B9DFFE400895E88;
			productRefGroup = 1369CA8C1B9DFFE400895E88 /* Products */;
			projectDirPath = "";
			projectRoot = "";
			targets = (
				1369CA8A1B9DFFE400895E88 /* BowGame */,
				1369CAA31B9DFFE400895E88 /* BowGameTests */,
			);
		};
/* End PBXProject section */

/* Begin PBXResourcesBuildPhase section */
		1369CA891B9DFFE400895E88 /* Resources */ = {
			isa = PBXResourcesBuildPhase;
			buildActionMask = 2147483647;
			files = (
				F87E858B1BD2F55D00215B5C /* bowarrow.png in Resources */,
				F805C92A1BA61F530038B692 /* ShootAnimation.atlasc in Resources */,
				5379AC741BA9E83E0061BC19 /* spark.png in Resources */,
				2AA53A841BBDCCFF00CC72A9 /* EquipmentItem.xib in Resources */,
				1369CA9F1B9DFFE400895E88 /* LaunchScreen.xib in Resources */,
				2AA53A6E1BBD97EC00CC72A9 /* EquipmentViewController.xib in Resources */,
				5379AC721BA9E8320061BC19 /* blood.sks in Resources */,
				13D55A061C03C79100C917E1 /* StageInfo.xib in Resources */,
				1369CA9C1B9DFFE400895E88 /* Images.xcassets in Resources */,
				1369CA9A1B9DFFE400895E88 /* Main.storyboard in Resources */,
				2A8274691BAB62D900A59823 /* sound in Resources */,
			);
			runOnlyForDeploymentPostprocessing = 0;
		};
		1369CAA21B9DFFE400895E88 /* Resources */ = {
			isa = PBXResourcesBuildPhase;
			buildActionMask = 2147483647;
			files = (
			);
			runOnlyForDeploymentPostprocessing = 0;
		};
/* End PBXResourcesBuildPhase section */

/* Begin PBXSourcesBuildPhase section */
		1369CA871B9DFFE400895E88 /* Sources */ = {
			isa = PBXSourcesBuildPhase;
			buildActionMask = 2147483647;
			files = (
				2A198E0E1BA0C32800F050A4 /* GameScene.swift in Sources */,
				89A4C47B1BDAE62300094A84 /* StageOne.swift in Sources */,
				2AA53A8B1BBDFAD600CC72A9 /* BowGame.xcdatamodeld in Sources */,
				2A198E0C1BA0C32800F050A4 /* Bow.swift in Sources */,
				2A82746A1BAB62D900A59823 /* SoundEffect.swift in Sources */,
				1379F1991BD6EE52009F1C01 /* ZoneListener.swift in Sources */,
				1379F1981BD6EE52009F1C01 /* RoomListener.swift in Sources */,
				89AE69081BF2AB7B00FDAFD7 /* StageEight.swift in Sources */,
				13D55A081C03C79B00C917E1 /* StageInfo.swift in Sources */,
				2A198E0A1BA0C32800F050A4 /* AppDelegate.swift in Sources */,
				89AE69021BF2AB5B00FDAFD7 /* StageFive.swift in Sources */,
				89AE69001BF2AB4300FDAFD7 /* StageFour.swift in Sources */,
				F81D89971BB31C1300B9718C /* Terrain.swift in Sources */,
				2AA53ACA1BBE361B00CC72A9 /* DataCenter.swift in Sources */,
				2A1A59811BD884F2008825FD /* Canon.swift in Sources */,
				89A4C4791BDAE24600094A84 /* TestScene.swift in Sources */,
				F87E85891BD2F46C00215B5C /* ArrowPanel.swift in Sources */,
				89C8385D1BDAD1B00016111E /* StageSelection.swift in Sources */,
				2AA53A6D1BBD97EC00CC72A9 /* EquipmentViewController.swift in Sources */,
				2AA9B1DC1BABE55E009491AC /* ShootingAngle.swift in Sources */,
				2A68E6481BFABD8A00E708A4 /* Balloon.swift in Sources */,
				89AE69061BF2AB7100FDAFD7 /* StageSeven.swift in Sources */,
				539680DF1BAF2975000906FE /* Obstacle.swift in Sources */,
				2AA53A831BBDCCFF00CC72A9 /* EquipmentItem.swift in Sources */,
				1379F1951BD6EE52009F1C01 /* AppWarpHelper.swift in Sources */,
				2AF0CAF31BC0977B00FBC36A /* PlayerItem.swift in Sources */,
				896F423E1BC2F11A0070DAAD /* Controller.swift in Sources */,
				2AF0CAF71BC0977B00FBC36A /* CurrentItem.swift in Sources */,
				2AF0CADF1BC0840800FBC36A /* DataColletion.swift in Sources */,
				898238811BCDD20200B769F0 /* StageGameScene.swift in Sources */,
				2A198E0B1BA0C32800F050A4 /* Arrow.swift in Sources */,
				89B9217B1BBE1F200073E10C /* GameOverScene.swift in Sources */,
				89AE69041BF2AB6600FDAFD7 /* StageSix.swift in Sources */,
				2A198E101BA0C32800F050A4 /* Player.swift in Sources */,
				2AF0CAF11BC0970800FBC36A /* ArrowItem.swift in Sources */,
				2AF0CAF51BC0977B00FBC36A /* BowItem.swift in Sources */,
				1379F1971BD6EE52009F1C01 /* NotificationListener.swift in Sources */,
				894287571BACC1A400E519B8 /* Buff.swift in Sources */,
				2A198E111BA0C32800F050A4 /* StartGameScene.swift in Sources */,
				2A1D3E901BD3169E0014B658 /* MutiplayerScene.swift in Sources */,
				2A198E0F1BA0C32800F050A4 /* GameViewController.swift in Sources */,
				2A1A59831BD89EFA008825FD /* BlackHole.swift in Sources */,
				2A198E0D1BA0C32800F050A4 /* CollisionHelp.swift in Sources */,
				F805C92B1BA61F530038B692 /* ShootAnimation.swift in Sources */,
				89CCF8091BCF037100ED6B7C /* Boss.swift in Sources */,
				89A4C47F1BDAE7F200094A84 /* StageThree.swift in Sources */,
				134A55A01BA503FA00C09E99 /* Constants.swift in Sources */,
				2A8EFD761BD6F3A3008E170B /* Interfaces.swift in Sources */,
				1379F1961BD6EE52009F1C01 /* ConnectionListener.swift in Sources */,
				5379AC701BA9E7C70061BC19 /* Ground.swift in Sources */,
				2AA9B1D81BABDB6F009491AC /* GameController.swift in Sources */,
				89696E2D1BDD5F560027FA3D /* Bound.swift in Sources */,
				89A4C47D1BDAE7E300094A84 /* StageTwo.swift in Sources */,
			);
			runOnlyForDeploymentPostprocessing = 0;
		};
		1369CAA01B9DFFE400895E88 /* Sources */ = {
			isa = PBXSourcesBuildPhase;
			buildActionMask = 2147483647;
			files = (
				1369CAAB1B9DFFE400895E88 /* BowGameTests.swift in Sources */,
			);
			runOnlyForDeploymentPostprocessing = 0;
		};
/* End PBXSourcesBuildPhase section */

/* Begin PBXTargetDependency section */
		1369CAA61B9DFFE400895E88 /* PBXTargetDependency */ = {
			isa = PBXTargetDependency;
			target = 1369CA8A1B9DFFE400895E88 /* BowGame */;
			targetProxy = 1369CAA51B9DFFE400895E88 /* PBXContainerItemProxy */;
		};
/* End PBXTargetDependency section */

/* Begin PBXVariantGroup section */
		1369CA981B9DFFE400895E88 /* Main.storyboard */ = {
			isa = PBXVariantGroup;
			children = (
				1369CA991B9DFFE400895E88 /* Base */,
			);
			name = Main.storyboard;
			sourceTree = "<group>";
		};
		1369CA9D1B9DFFE400895E88 /* LaunchScreen.xib */ = {
			isa = PBXVariantGroup;
			children = (
				1369CA9E1B9DFFE400895E88 /* Base */,
			);
			name = LaunchScreen.xib;
			sourceTree = "<group>";
		};
/* End PBXVariantGroup section */

/* Begin XCBuildConfiguration section */
		1369CAAC1B9DFFE400895E88 /* Debug */ = {
			isa = XCBuildConfiguration;
			buildSettings = {
				ALWAYS_SEARCH_USER_PATHS = NO;
				CLANG_CXX_LANGUAGE_STANDARD = "gnu++0x";
				CLANG_CXX_LIBRARY = "libc++";
				CLANG_ENABLE_MODULES = YES;
				CLANG_ENABLE_OBJC_ARC = YES;
				CLANG_WARN_BOOL_CONVERSION = YES;
				CLANG_WARN_CONSTANT_CONVERSION = YES;
				CLANG_WARN_DIRECT_OBJC_ISA_USAGE = YES_ERROR;
				CLANG_WARN_EMPTY_BODY = YES;
				CLANG_WARN_ENUM_CONVERSION = YES;
				CLANG_WARN_INT_CONVERSION = YES;
				CLANG_WARN_OBJC_ROOT_CLASS = YES_ERROR;
				CLANG_WARN_UNREACHABLE_CODE = YES;
				CLANG_WARN__DUPLICATE_METHOD_MATCH = YES;
				"CODE_SIGN_IDENTITY[sdk=iphoneos*]" = "iPhone Developer";
				COPY_PHASE_STRIP = NO;
				DEBUG_INFORMATION_FORMAT = "dwarf-with-dsym";
				ENABLE_BITCODE = NO;
				ENABLE_STRICT_OBJC_MSGSEND = YES;
				ENABLE_TESTABILITY = YES;
				GCC_C_LANGUAGE_STANDARD = gnu99;
				GCC_DYNAMIC_NO_PIC = NO;
				GCC_NO_COMMON_BLOCKS = YES;
				GCC_OPTIMIZATION_LEVEL = 0;
				GCC_PREPROCESSOR_DEFINITIONS = (
					"DEBUG=1",
					"$(inherited)",
				);
				GCC_SYMBOLS_PRIVATE_EXTERN = NO;
				GCC_WARN_64_TO_32_BIT_CONVERSION = YES;
				GCC_WARN_ABOUT_RETURN_TYPE = YES_ERROR;
				GCC_WARN_UNDECLARED_SELECTOR = YES;
				GCC_WARN_UNINITIALIZED_AUTOS = YES_AGGRESSIVE;
				GCC_WARN_UNUSED_FUNCTION = YES;
				GCC_WARN_UNUSED_VARIABLE = YES;
				IPHONEOS_DEPLOYMENT_TARGET = 8.4;
				MTL_ENABLE_DEBUG_INFO = YES;
				ONLY_ACTIVE_ARCH = YES;
				SDKROOT = iphoneos;
				SWIFT_OPTIMIZATION_LEVEL = "-Onone";
			};
			name = Debug;
		};
		1369CAAD1B9DFFE400895E88 /* Release */ = {
			isa = XCBuildConfiguration;
			buildSettings = {
				ALWAYS_SEARCH_USER_PATHS = NO;
				CLANG_CXX_LANGUAGE_STANDARD = "gnu++0x";
				CLANG_CXX_LIBRARY = "libc++";
				CLANG_ENABLE_MODULES = YES;
				CLANG_ENABLE_OBJC_ARC = YES;
				CLANG_WARN_BOOL_CONVERSION = YES;
				CLANG_WARN_CONSTANT_CONVERSION = YES;
				CLANG_WARN_DIRECT_OBJC_ISA_USAGE = YES_ERROR;
				CLANG_WARN_EMPTY_BODY = YES;
				CLANG_WARN_ENUM_CONVERSION = YES;
				CLANG_WARN_INT_CONVERSION = YES;
				CLANG_WARN_OBJC_ROOT_CLASS = YES_ERROR;
				CLANG_WARN_UNREACHABLE_CODE = YES;
				CLANG_WARN__DUPLICATE_METHOD_MATCH = YES;
				"CODE_SIGN_IDENTITY[sdk=iphoneos*]" = "iPhone Developer";
				COPY_PHASE_STRIP = NO;
				DEBUG_INFORMATION_FORMAT = "dwarf-with-dsym";
				ENABLE_BITCODE = NO;
				ENABLE_NS_ASSERTIONS = NO;
				ENABLE_STRICT_OBJC_MSGSEND = YES;
				GCC_C_LANGUAGE_STANDARD = gnu99;
				GCC_NO_COMMON_BLOCKS = YES;
				GCC_WARN_64_TO_32_BIT_CONVERSION = YES;
				GCC_WARN_ABOUT_RETURN_TYPE = YES_ERROR;
				GCC_WARN_UNDECLARED_SELECTOR = YES;
				GCC_WARN_UNINITIALIZED_AUTOS = YES_AGGRESSIVE;
				GCC_WARN_UNUSED_FUNCTION = YES;
				GCC_WARN_UNUSED_VARIABLE = YES;
				IPHONEOS_DEPLOYMENT_TARGET = 8.4;
				MTL_ENABLE_DEBUG_INFO = NO;
				SDKROOT = iphoneos;
				VALIDATE_PRODUCT = YES;
			};
			name = Release;
		};
		1369CAAF1B9DFFE400895E88 /* Debug */ = {
			isa = XCBuildConfiguration;
			buildSettings = {
				ASSETCATALOG_COMPILER_APPICON_NAME = AppIcon;
				CLANG_ENABLE_MODULES = YES;
				CODE_SIGN_IDENTITY = "iPhone Developer";
				"CODE_SIGN_IDENTITY[sdk=iphoneos*]" = "iPhone Developer";
				FRAMEWORK_SEARCH_PATHS = (
					"$(inherited)",
					"$(PROJECT_DIR)/BowGame/AppWarpHelperClasses",
				);
				INFOPLIST_FILE = BowGame/Info.plist;
				IPHONEOS_DEPLOYMENT_TARGET = 9.0;
				LD_RUNPATH_SEARCH_PATHS = "$(inherited) @executable_path/Frameworks";
				PRODUCT_BUNDLE_IDENTIFIER = "a.$(PRODUCT_NAME:rfc1034identifier)";
				PRODUCT_NAME = "$(TARGET_NAME)";
				PROVISIONING_PROFILE = "";
				SWIFT_OBJC_BRIDGING_HEADER = "BowGame/AppWarpHelperClasses/BowGame-Bridging-Header.h";
				SWIFT_OPTIMIZATION_LEVEL = "-Onone";
				TARGETED_DEVICE_FAMILY = 1;
			};
			name = Debug;
		};
		1369CAB01B9DFFE400895E88 /* Release */ = {
			isa = XCBuildConfiguration;
			buildSettings = {
				ASSETCATALOG_COMPILER_APPICON_NAME = AppIcon;
				CLANG_ENABLE_MODULES = YES;
				CODE_SIGN_IDENTITY = "iPhone Developer";
				"CODE_SIGN_IDENTITY[sdk=iphoneos*]" = "iPhone Developer";
				FRAMEWORK_SEARCH_PATHS = (
					"$(inherited)",
					"$(PROJECT_DIR)/BowGame/AppWarpHelperClasses",
				);
				INFOPLIST_FILE = BowGame/Info.plist;
				IPHONEOS_DEPLOYMENT_TARGET = 9.0;
				LD_RUNPATH_SEARCH_PATHS = "$(inherited) @executable_path/Frameworks";
				PRODUCT_BUNDLE_IDENTIFIER = "a.$(PRODUCT_NAME:rfc1034identifier)";
				PRODUCT_NAME = "$(TARGET_NAME)";
				PROVISIONING_PROFILE = "";
				SWIFT_OBJC_BRIDGING_HEADER = "BowGame/AppWarpHelperClasses/BowGame-Bridging-Header.h";
				TARGETED_DEVICE_FAMILY = 1;
			};
			name = Release;
		};
		1369CAB21B9DFFE400895E88 /* Debug */ = {
			isa = XCBuildConfiguration;
			buildSettings = {
				BUNDLE_LOADER = "$(TEST_HOST)";
				FRAMEWORK_SEARCH_PATHS = (
					"$(SDKROOT)/Developer/Library/Frameworks",
					"$(inherited)",
				);
				GCC_PREPROCESSOR_DEFINITIONS = (
					"DEBUG=1",
					"$(inherited)",
				);
				INFOPLIST_FILE = BowGameTests/Info.plist;
				LD_RUNPATH_SEARCH_PATHS = "$(inherited) @executable_path/Frameworks @loader_path/Frameworks";
				PRODUCT_BUNDLE_IDENTIFIER = "a.$(PRODUCT_NAME:rfc1034identifier)";
				PRODUCT_NAME = "$(TARGET_NAME)";
				TEST_HOST = "$(BUILT_PRODUCTS_DIR)/BowGame.app/BowGame";
			};
			name = Debug;
		};
		1369CAB31B9DFFE400895E88 /* Release */ = {
			isa = XCBuildConfiguration;
			buildSettings = {
				BUNDLE_LOADER = "$(TEST_HOST)";
				FRAMEWORK_SEARCH_PATHS = (
					"$(SDKROOT)/Developer/Library/Frameworks",
					"$(inherited)",
				);
				INFOPLIST_FILE = BowGameTests/Info.plist;
				LD_RUNPATH_SEARCH_PATHS = "$(inherited) @executable_path/Frameworks @loader_path/Frameworks";
				PRODUCT_BUNDLE_IDENTIFIER = "a.$(PRODUCT_NAME:rfc1034identifier)";
				PRODUCT_NAME = "$(TARGET_NAME)";
				TEST_HOST = "$(BUILT_PRODUCTS_DIR)/BowGame.app/BowGame";
			};
			name = Release;
		};
/* End XCBuildConfiguration section */

/* Begin XCConfigurationList section */
		1369CA861B9DFFE400895E88 /* Build configuration list for PBXProject "BowGame" */ = {
			isa = XCConfigurationList;
			buildConfigurations = (
				1369CAAC1B9DFFE400895E88 /* Debug */,
				1369CAAD1B9DFFE400895E88 /* Release */,
			);
			defaultConfigurationIsVisible = 0;
			defaultConfigurationName = Release;
		};
		1369CAAE1B9DFFE400895E88 /* Build configuration list for PBXNativeTarget "BowGame" */ = {
			isa = XCConfigurationList;
			buildConfigurations = (
				1369CAAF1B9DFFE400895E88 /* Debug */,
				1369CAB01B9DFFE400895E88 /* Release */,
			);
			defaultConfigurationIsVisible = 0;
			defaultConfigurationName = Release;
		};
		1369CAB11B9DFFE400895E88 /* Build configuration list for PBXNativeTarget "BowGameTests" */ = {
			isa = XCConfigurationList;
			buildConfigurations = (
				1369CAB21B9DFFE400895E88 /* Debug */,
				1369CAB31B9DFFE400895E88 /* Release */,
			);
			defaultConfigurationIsVisible = 0;
			defaultConfigurationName = Release;
		};
/* End XCConfigurationList section */

/* Begin XCVersionGroup section */
		2AA53A891BBDFAD600CC72A9 /* BowGame.xcdatamodeld */ = {
			isa = XCVersionGroup;
			children = (
				2AF0CAF81BC09B5700FBC36A /* BowGame2.xcdatamodel */,
				2AA53A8A1BBDFAD600CC72A9 /* BowGame.xcdatamodel */,
			);
			currentVersion = 2AA53A8A1BBDFAD600CC72A9 /* BowGame.xcdatamodel */;
			path = BowGame.xcdatamodeld;
			sourceTree = "<group>";
			versionGroupType = wrapper.xcdatamodel;
		};
/* End XCVersionGroup section */
	};
	rootObject = 1369CA831B9DFFE400895E88 /* Project object */;
}
